
Microsoft Visual Studio Solution File, Format Version 12.00
# Visual Studio Version 16
VisualStudioVersion = 16.0.28803.352
MinimumVisualStudioVersion = 10.0.40219.1
Project("{FAE04EC0-301F-11D3-BF4B-00C04F79EFBC}") = "Exercicio1", "Exercicio1.csproj", "{633CDAD8-D2D3-4C55-A92B-61C04DD7E74C}"
EndProject
Global
	GlobalSection(SolutionConfigurationPlatforms) = preSolution
		Debug|Any CPU = Debug|Any CPU
		Release|Any CPU = Release|Any CPU
	EndGlobalSection
	GlobalSection(ProjectConfigurationPlatforms) = postSolution
		{633CDAD8-D2D3-4C55-A92B-61C04DD7E74C}.Debug|Any CPU.ActiveCfg = Debug|Any CPU
		{633CDAD8-D2D3-4C55-A92B-61C04DD7E74C}.Debug|Any CPU.Build.0 = Debug|Any CPU
		{633CDAD8-D2D3-4C55-A92B-61C04DD7E74C}.Release|Any CPU.ActiveCfg = Release|Any CPU
		{633CDAD8-D2D3-4C55-A92B-61C04DD7E74C}.Release|Any CPU.Build.0 = Release|Any CPU
	EndGlobalSection
	GlobalSection(SolutionProperties) = preSolution
		HideSolutionNode = FALSE
	EndGlobalSection
	GlobalSection(ExtensibilityGlobals) = postSolution
		SolutionGuid = {5BB66F30-3BF8-4F4B-A680-37DBBDFAF21B}
	EndGlobalSection
EndGlobal
